{
  "nodes": {
    "emacs": {
      "locked": {
        "lastModified": 1642761284,
        "narHash": "sha256-kGmyiBd3F4qmQyz4UjolCyFA1bo+w5ix+IDAhjjkMc0=",
        "owner": "nix-community",
        "repo": "emacs-overlay",
        "rev": "0cee2f8b2e0f21ec1e120ffed9fb9de195f332ca",
        "type": "github"
      },
      "original": {
        "owner": "nix-community",
        "repo": "emacs-overlay",
        "type": "github"
      }
    },
    "fenix": {
      "inputs": {
        "nixpkgs": [
          "nixpkgs-unstable"
        ],
        "rust-analyzer-src": "rust-analyzer-src"
      },
      "locked": {
        "lastModified": 1642746228,
        "narHash": "sha256-H17bCeS39UVsUxn3qq/zZ3WuxsJPsTgh5YK+rpgg/ug=",
        "owner": "nix-community",
        "repo": "fenix",
        "rev": "55acc3d46535c2732d96dd439aa76a9ad3f0f0d2",
        "type": "github"
      },
      "original": {
        "owner": "nix-community",
        "repo": "fenix",
        "type": "github"
      }
    },
    "nixpkgs": {
      "locked": {
        "lastModified": 1642707142,
        "narHash": "sha256-BzH6xhnkn52yF4+A8C8slWFQRMInS5VYlzrH/rN1bnA=",
        "owner": "NixOS",
        "repo": "nixpkgs",
        "rev": "6f07605b6916abee5435ea1145a7541299a87c1b",
        "type": "github"
      },
      "original": {
        "owner": "NixOS",
        "ref": "nixos-21.11",
        "repo": "nixpkgs",
        "type": "github"
      }
    },
    "nixpkgs-unstable": {
      "locked": {
        "lastModified": 1642635915,
        "narHash": "sha256-vabPA32j81xBO5m3+qXndWp5aqepe+vu96Wkd9UnngM=",
        "owner": "NixOS",
        "repo": "nixpkgs",
        "rev": "6d8215281b2f87a5af9ed7425a26ac575da0438f",
        "type": "github"
      },
      "original": {
        "owner": "NixOS",
        "ref": "nixos-unstable",
        "repo": "nixpkgs",
        "type": "github"
      }
    },
    "root": {
      "inputs": {
        "emacs": "emacs",
        "fenix": "fenix",
        "nixpkgs": "nixpkgs",
        "nixpkgs-unstable": "nixpkgs-unstable"
      }
    },
    "rust-analyzer-src": {
      "flake": false,
      "locked": {
        "lastModified": 1642622501,
        "narHash": "sha256-FUd86eWQuu2k4S9hA1/6km4dfGtWs0TgT8AkT1oNjTs=",
        "owner": "rust-analyzer",
        "repo": "rust-analyzer",
        "rev": "df5340386365b2b16c4e9bbae546504b97564c41",
        "type": "github"
      },
      "original": {
        "owner": "rust-analyzer",
        "ref": "nightly",
        "repo": "rust-analyzer",
        "type": "github"
      }
    }
  },
  "root": "root",
  "version": 7
}
